
Microsoft Visual Studio Solution File, Format Version 12.00
# Visual Studio 2013
VisualStudioVersion = 12.0.21005.1
MinimumVisualStudioVersion = 10.0.40219.1
Project("{FAE04EC0-301F-11D3-BF4B-00C04F79EFBC}") = "Mvc5Solution", "Mvc5Solution\Mvc5Solution.csproj", "{DB84F8C4-DC31-4756-A466-EB8E6C8AF526}"
EndProject
Project("{FAE04EC0-301F-11D3-BF4B-00C04F79EFBC}") = "Mvc5Solution.Tests", "Mvc5Solution.Tests\Mvc5Solution.Tests.csproj", "{6BFF9C79-BD9E-4EED-85AE-BC870671324A}"
EndProject
Global
	GlobalSection(SolutionConfigurationPlatforms) = preSolution
		Debug|Any CPU = Debug|Any CPU
		Release|Any CPU = Release|Any CPU
	EndGlobalSection
	GlobalSection(ProjectConfigurationPlatforms) = postSolution
		{DB84F8C4-DC31-4756-A466-EB8E6C8AF526}.Debug|Any CPU.ActiveCfg = Debug|Any CPU
		{DB84F8C4-DC31-4756-A466-EB8E6C8AF526}.Debug|Any CPU.Build.0 = Debug|Any CPU
		{DB84F8C4-DC31-4756-A466-EB8E6C8AF526}.Release|Any CPU.ActiveCfg = Release|Any CPU
		{DB84F8C4-DC31-4756-A466-EB8E6C8AF526}.Release|Any CPU.Build.0 = Release|Any CPU
		{6BFF9C79-BD9E-4EED-85AE-BC870671324A}.Debug|Any CPU.ActiveCfg = Debug|Any CPU
		{6BFF9C79-BD9E-4EED-85AE-BC870671324A}.Debug|Any CPU.Build.0 = Debug|Any CPU
		{6BFF9C79-BD9E-4EED-85AE-BC870671324A}.Release|Any CPU.ActiveCfg = Release|Any CPU
		{6BFF9C79-BD9E-4EED-85AE-BC870671324A}.Release|Any CPU.Build.0 = Release|Any CPU
	EndGlobalSection
	GlobalSection(SolutionProperties) = preSolution
		HideSolutionNode = FALSE
	EndGlobalSection
EndGlobal
